
Microsoft Visual Studio Solution File, Format Version 12.00
# Visual Studio Version 16
VisualStudioVersion = 16.0.31112.23
MinimumVisualStudioVersion = 10.0.40219.1
Project("{9A19103F-16F7-4668-BE54-9A1E7A4F7556}") = "Ecom.Core.Data", "Ecom.Core.Data\Ecom.Core.Data.csproj", "{A56DD9D3-B1BB-4F6C-B335-63FBF4116F39}"
EndProject
Project("{9A19103F-16F7-4668-BE54-9A1E7A4F7556}") = "Ecom.Core.Domain", "Ecom.Core.Domain\Ecom.Core.Domain.csproj", "{26F7A32E-79A4-4BD1-ACB1-1B129980B0DE}"
EndProject
Project("{9A19103F-16F7-4668-BE54-9A1E7A4F7556}") = "Ecom.Core.Helper", "Ecom.Core.Helper\Ecom.Core.Helper.csproj", "{07495478-B91E-4CFA-8245-704ABFC62073}"
EndProject
Project("{9A19103F-16F7-4668-BE54-9A1E7A4F7556}") = "Ecom.Core.ngApi", "Ecom.Core.ngApi\Ecom.Core.ngApi.csproj", "{91F1BD27-F065-4A0F-8F6A-3285647B851D}"
EndProject
Global
	GlobalSection(SolutionConfigurationPlatforms) = preSolution
		Debug|Any CPU = Debug|Any CPU
		Release|Any CPU = Release|Any CPU
	EndGlobalSection
	GlobalSection(ProjectConfigurationPlatforms) = postSolution
		{A56DD9D3-B1BB-4F6C-B335-63FBF4116F39}.Debug|Any CPU.ActiveCfg = Debug|Any CPU
		{A56DD9D3-B1BB-4F6C-B335-63FBF4116F39}.Debug|Any CPU.Build.0 = Debug|Any CPU
		{A56DD9D3-B1BB-4F6C-B335-63FBF4116F39}.Release|Any CPU.ActiveCfg = Release|Any CPU
		{A56DD9D3-B1BB-4F6C-B335-63FBF4116F39}.Release|Any CPU.Build.0 = Release|Any CPU
		{26F7A32E-79A4-4BD1-ACB1-1B129980B0DE}.Debug|Any CPU.ActiveCfg = Debug|Any CPU
		{26F7A32E-79A4-4BD1-ACB1-1B129980B0DE}.Debug|Any CPU.Build.0 = Debug|Any CPU
		{26F7A32E-79A4-4BD1-ACB1-1B129980B0DE}.Release|Any CPU.ActiveCfg = Release|Any CPU
		{26F7A32E-79A4-4BD1-ACB1-1B129980B0DE}.Release|Any CPU.Build.0 = Release|Any CPU
		{07495478-B91E-4CFA-8245-704ABFC62073}.Debug|Any CPU.ActiveCfg = Debug|Any CPU
		{07495478-B91E-4CFA-8245-704ABFC62073}.Debug|Any CPU.Build.0 = Debug|Any CPU
		{07495478-B91E-4CFA-8245-704ABFC62073}.Release|Any CPU.ActiveCfg = Release|Any CPU
		{07495478-B91E-4CFA-8245-704ABFC62073}.Release|Any CPU.Build.0 = Release|Any CPU
		{91F1BD27-F065-4A0F-8F6A-3285647B851D}.Debug|Any CPU.ActiveCfg = Debug|Any CPU
		{91F1BD27-F065-4A0F-8F6A-3285647B851D}.Debug|Any CPU.Build.0 = Debug|Any CPU
		{91F1BD27-F065-4A0F-8F6A-3285647B851D}.Release|Any CPU.ActiveCfg = Release|Any CPU
		{91F1BD27-F065-4A0F-8F6A-3285647B851D}.Release|Any CPU.Build.0 = Release|Any CPU
	EndGlobalSection
	GlobalSection(SolutionProperties) = preSolution
		HideSolutionNode = FALSE
	EndGlobalSection
	GlobalSection(ExtensibilityGlobals) = postSolution
		SolutionGuid = {9838F7F3-DB74-40BE-8D13-CF4B356AB5FD}
	EndGlobalSection
EndGlobal
